// !$*UTF8*$!
{
	archiveVersion = 1;
	classes = {
	};
	objectVersion = 56;
	objects = {

/* Begin PBXBuildFile section */
		689BAD702C1308BE00BCD61F /* AppDelegate.swift in Sources */ = {isa = PBXBuildFile; fileRef = 689BAD6F2C1308BE00BCD61F /* AppDelegate.swift */; };
		689BAD722C1308BE00BCD61F /* SceneDelegate.swift in Sources */ = {isa = PBXBuildFile; fileRef = 689BAD712C1308BE00BCD61F /* SceneDelegate.swift */; };
		689BAD792C1308BF00BCD61F /* Assets.xcassets in Resources */ = {isa = PBXBuildFile; fileRef = 689BAD782C1308BF00BCD61F /* Assets.xcassets */; };
		689BAD7C2C1308BF00BCD61F /* Base in Resources */ = {isa = PBXBuildFile; fileRef = 689BAD7B2C1308BF00BCD61F /* Base */; };
		689BAD842C13098A00BCD61F /* .gitignore in Resources */ = {isa = PBXBuildFile; fileRef = 689BAD832C13098A00BCD61F /* .gitignore */; };
		689BAD862C1309B000BCD61F /* APIKey.swift in Sources */ = {isa = PBXBuildFile; fileRef = 689BAD852C1309B000BCD61F /* APIKey.swift */; };
		689BAD892C1309E000BCD61F /* SnapKit in Frameworks */ = {isa = PBXBuildFile; productRef = 689BAD882C1309E000BCD61F /* SnapKit */; };
		689BAD8C2C1309ED00BCD61F /* Alamofire in Frameworks */ = {isa = PBXBuildFile; productRef = 689BAD8B2C1309ED00BCD61F /* Alamofire */; };
		689BAD8F2C1309F500BCD61F /* Kingfisher in Frameworks */ = {isa = PBXBuildFile; productRef = 689BAD8E2C1309F500BCD61F /* Kingfisher */; };
		689BAD912C130A8D00BCD61F /* SelectViewController.swift in Sources */ = {isa = PBXBuildFile; fileRef = 689BAD902C130A8D00BCD61F /* SelectViewController.swift */; };
		689BAD952C130AF500BCD61F /* ResuableProtocol+.swift in Sources */ = {isa = PBXBuildFile; fileRef = 689BAD942C130AF500BCD61F /* ResuableProtocol+.swift */; };
		689BAD972C1429FF00BCD61F /* SelectTableViewCell.swift in Sources */ = {isa = PBXBuildFile; fileRef = 689BAD962C1429FF00BCD61F /* SelectTableViewCell.swift */; };
		689BAD992C142A6400BCD61F /* SelectView.swift in Sources */ = {isa = PBXBuildFile; fileRef = 689BAD982C142A6400BCD61F /* SelectView.swift */; };
		689BAD9B2C143E2300BCD61F /* TamagotchiData.swift in Sources */ = {isa = PBXBuildFile; fileRef = 689BAD9A2C143E2300BCD61F /* TamagotchiData.swift */; };
		689BADA52C14627200BCD61F /* DetailViewController.swift in Sources */ = {isa = PBXBuildFile; fileRef = 689BADA42C14627200BCD61F /* DetailViewController.swift */; };
		689BADA72C14803D00BCD61F /* UIButton+.swift in Sources */ = {isa = PBXBuildFile; fileRef = 689BADA62C14803D00BCD61F /* UIButton+.swift */; };
		689BADA92C14816300BCD61F /* UIColor+.swift in Sources */ = {isa = PBXBuildFile; fileRef = 689BADA82C14816300BCD61F /* UIColor+.swift */; };
		689BADAC2C14875600BCD61F /* MainViewController.swift in Sources */ = {isa = PBXBuildFile; fileRef = 689BADAB2C14875600BCD61F /* MainViewController.swift */; };
		689BADAE2C148B3F00BCD61F /* MainView.swift in Sources */ = {isa = PBXBuildFile; fileRef = 689BADAD2C148B3F00BCD61F /* MainView.swift */; };
		689BADB32C14A91B00BCD61F /* UILabel+.swift in Sources */ = {isa = PBXBuildFile; fileRef = 689BADB22C14A91B00BCD61F /* UILabel+.swift */; };
		689BADB52C14AA8200BCD61F /* UIStackView+.swift in Sources */ = {isa = PBXBuildFile; fileRef = 689BADB42C14AA8200BCD61F /* UIStackView+.swift */; };
		689BADB72C14AAF100BCD61F /* UITextField+.swift in Sources */ = {isa = PBXBuildFile; fileRef = 689BADB62C14AAF100BCD61F /* UITextField+.swift */; };
/* End PBXBuildFile section */

/* Begin PBXFileReference section */
		689BAD6C2C1308BE00BCD61F /* YegrTamagotchiApp.app */ = {isa = PBXFileReference; explicitFileType = wrapper.application; includeInIndex = 0; path = YegrTamagotchiApp.app; sourceTree = BUILT_PRODUCTS_DIR; };
		689BAD6F2C1308BE00BCD61F /* AppDelegate.swift */ = {isa = PBXFileReference; lastKnownFileType = sourcecode.swift; path = AppDelegate.swift; sourceTree = "<group>"; };
		689BAD712C1308BE00BCD61F /* SceneDelegate.swift */ = {isa = PBXFileReference; lastKnownFileType = sourcecode.swift; path = SceneDelegate.swift; sourceTree = "<group>"; };
		689BAD782C1308BF00BCD61F /* Assets.xcassets */ = {isa = PBXFileReference; lastKnownFileType = folder.assetcatalog; path = Assets.xcassets; sourceTree = "<group>"; };
		689BAD7B2C1308BF00BCD61F /* Base */ = {isa = PBXFileReference; lastKnownFileType = file.storyboard; name = Base; path = Base.lproj/LaunchScreen.storyboard; sourceTree = "<group>"; };
		689BAD7D2C1308BF00BCD61F /* Info.plist */ = {isa = PBXFileReference; lastKnownFileType = text.plist.xml; path = Info.plist; sourceTree = "<group>"; };
		689BAD832C13098A00BCD61F /* .gitignore */ = {isa = PBXFileReference; lastKnownFileType = text; path = .gitignore; sourceTree = "<group>"; };
		689BAD852C1309B000BCD61F /* APIKey.swift */ = {isa = PBXFileReference; lastKnownFileType = sourcecode.swift; path = APIKey.swift; sourceTree = "<group>"; };
		689BAD902C130A8D00BCD61F /* SelectViewController.swift */ = {isa = PBXFileReference; lastKnownFileType = sourcecode.swift; path = SelectViewController.swift; sourceTree = "<group>"; };
		689BAD942C130AF500BCD61F /* ResuableProtocol+.swift */ = {isa = PBXFileReference; lastKnownFileType = sourcecode.swift; path = "ResuableProtocol+.swift"; sourceTree = "<group>"; };
		689BAD962C1429FF00BCD61F /* SelectTableViewCell.swift */ = {isa = PBXFileReference; lastKnownFileType = sourcecode.swift; path = SelectTableViewCell.swift; sourceTree = "<group>"; };
		689BAD982C142A6400BCD61F /* SelectView.swift */ = {isa = PBXFileReference; lastKnownFileType = sourcecode.swift; path = SelectView.swift; sourceTree = "<group>"; };
		689BAD9A2C143E2300BCD61F /* TamagotchiData.swift */ = {isa = PBXFileReference; lastKnownFileType = sourcecode.swift; path = TamagotchiData.swift; sourceTree = "<group>"; };
		689BADA42C14627200BCD61F /* DetailViewController.swift */ = {isa = PBXFileReference; lastKnownFileType = sourcecode.swift; path = DetailViewController.swift; sourceTree = "<group>"; };
		689BADA62C14803D00BCD61F /* UIButton+.swift */ = {isa = PBXFileReference; lastKnownFileType = sourcecode.swift; path = "UIButton+.swift"; sourceTree = "<group>"; };
		689BADA82C14816300BCD61F /* UIColor+.swift */ = {isa = PBXFileReference; lastKnownFileType = sourcecode.swift; path = "UIColor+.swift"; sourceTree = "<group>"; };
		689BADAB2C14875600BCD61F /* MainViewController.swift */ = {isa = PBXFileReference; lastKnownFileType = sourcecode.swift; path = MainViewController.swift; sourceTree = "<group>"; };
		689BADAD2C148B3F00BCD61F /* MainView.swift */ = {isa = PBXFileReference; lastKnownFileType = sourcecode.swift; path = MainView.swift; sourceTree = "<group>"; };
		689BADB22C14A91B00BCD61F /* UILabel+.swift */ = {isa = PBXFileReference; lastKnownFileType = sourcecode.swift; path = "UILabel+.swift"; sourceTree = "<group>"; };
		689BADB42C14AA8200BCD61F /* UIStackView+.swift */ = {isa = PBXFileReference; lastKnownFileType = sourcecode.swift; path = "UIStackView+.swift"; sourceTree = "<group>"; };
		689BADB62C14AAF100BCD61F /* UITextField+.swift */ = {isa = PBXFileReference; lastKnownFileType = sourcecode.swift; path = "UITextField+.swift"; sourceTree = "<group>"; };
/* End PBXFileReference section */

/* Begin PBXFrameworksBuildPhase section */
		689BAD692C1308BE00BCD61F /* Frameworks */ = {
			isa = PBXFrameworksBuildPhase;
			buildActionMask = 2147483647;
			files = (
				689BAD8F2C1309F500BCD61F /* Kingfisher in Frameworks */,
				689BAD892C1309E000BCD61F /* SnapKit in Frameworks */,
				689BAD8C2C1309ED00BCD61F /* Alamofire in Frameworks */,
			);
			runOnlyForDeploymentPostprocessing = 0;
		};
/* End PBXFrameworksBuildPhase section */

/* Begin PBXGroup section */
		689BAD632C1308BE00BCD61F = {
			isa = PBXGroup;
			children = (
				689BAD832C13098A00BCD61F /* .gitignore */,
				689BAD6E2C1308BE00BCD61F /* YegrTamagotchiApp */,
				689BAD6D2C1308BE00BCD61F /* Products */,
			);
			sourceTree = "<group>";
		};
		689BAD6D2C1308BE00BCD61F /* Products */ = {
			isa = PBXGroup;
			children = (
				689BAD6C2C1308BE00BCD61F /* YegrTamagotchiApp.app */,
			);
			name = Products;
			sourceTree = "<group>";
		};
		689BAD6E2C1308BE00BCD61F /* YegrTamagotchiApp */ = {
			isa = PBXGroup;
			children = (
				689BAD6F2C1308BE00BCD61F /* AppDelegate.swift */,
				689BAD712C1308BE00BCD61F /* SceneDelegate.swift */,
				689BAD782C1308BF00BCD61F /* Assets.xcassets */,
				689BAD7A2C1308BF00BCD61F /* LaunchScreen.storyboard */,
				689BAD922C130AAF00BCD61F /* SelectTamagotchi */,
				689BADA32C14623B00BCD61F /* DetailTamagotchi */,
				689BADAA2C14871F00BCD61F /* MainTamagotchi */,
				689BADAF2C14995300BCD61F /* Model */,
				689BAD932C130AD500BCD61F /* Extension */,
				689BAD7D2C1308BF00BCD61F /* Info.plist */,
				689BAD852C1309B000BCD61F /* APIKey.swift */,
			);
			path = YegrTamagotchiApp;
			sourceTree = "<group>";
		};
		689BAD922C130AAF00BCD61F /* SelectTamagotchi */ = {
			isa = PBXGroup;
			children = (
				689BAD962C1429FF00BCD61F /* SelectTableViewCell.swift */,
				689BAD982C142A6400BCD61F /* SelectView.swift */,
				689BAD902C130A8D00BCD61F /* SelectViewController.swift */,
			);
			path = SelectTamagotchi;
			sourceTree = "<group>";
		};
		689BAD932C130AD500BCD61F /* Extension */ = {
			isa = PBXGroup;
			children = (
				689BAD942C130AF500BCD61F /* ResuableProtocol+.swift */,
				689BADA62C14803D00BCD61F /* UIButton+.swift */,
				689BADA82C14816300BCD61F /* UIColor+.swift */,
				689BADB22C14A91B00BCD61F /* UILabel+.swift */,
				689BADB42C14AA8200BCD61F /* UIStackView+.swift */,
				689BADB62C14AAF100BCD61F /* UITextField+.swift */,
			);
			path = Extension;
			sourceTree = "<group>";
		};
		689BADA32C14623B00BCD61F /* DetailTamagotchi */ = {
			isa = PBXGroup;
			children = (
				689BADA42C14627200BCD61F /* DetailViewController.swift */,
			);
			path = DetailTamagotchi;
			sourceTree = "<group>";
		};
		689BADAA2C14871F00BCD61F /* MainTamagotchi */ = {
			isa = PBXGroup;
			children = (
				689BADAD2C148B3F00BCD61F /* MainView.swift */,
				689BADAB2C14875600BCD61F /* MainViewController.swift */,
			);
			path = MainTamagotchi;
			sourceTree = "<group>";
		};
		689BADAF2C14995300BCD61F /* Model */ = {
			isa = PBXGroup;
			children = (
				689BAD9A2C143E2300BCD61F /* TamagotchiData.swift */,
			);
			path = Model;
			sourceTree = "<group>";
		};
/* End PBXGroup section */

/* Begin PBXNativeTarget section */
		689BAD6B2C1308BE00BCD61F /* YegrTamagotchiApp */ = {
			isa = PBXNativeTarget;
			buildConfigurationList = 689BAD802C1308BF00BCD61F /* Build configuration list for PBXNativeTarget "YegrTamagotchiApp" */;
			buildPhases = (
				689BAD682C1308BE00BCD61F /* Sources */,
				689BAD692C1308BE00BCD61F /* Frameworks */,
				689BAD6A2C1308BE00BCD61F /* Resources */,
			);
			buildRules = (
			);
			dependencies = (
			);
			name = YegrTamagotchiApp;
			packageProductDependencies = (
				689BAD882C1309E000BCD61F /* SnapKit */,
				689BAD8B2C1309ED00BCD61F /* Alamofire */,
				689BAD8E2C1309F500BCD61F /* Kingfisher */,
			);
			productName = YegrTamagotchiApp;
			productReference = 689BAD6C2C1308BE00BCD61F /* YegrTamagotchiApp.app */;
			productType = "com.apple.product-type.application";
		};
/* End PBXNativeTarget section */

/* Begin PBXProject section */
		689BAD642C1308BE00BCD61F /* Project object */ = {
			isa = PBXProject;
			attributes = {
				BuildIndependentTargetsInParallel = 1;
				LastSwiftUpdateCheck = 1540;
				LastUpgradeCheck = 1540;
				TargetAttributes = {
					689BAD6B2C1308BE00BCD61F = {
						CreatedOnToolsVersion = 15.4;
					};
				};
			};
			buildConfigurationList = 689BAD672C1308BE00BCD61F /* Build configuration list for PBXProject "YegrTamagotchiApp" */;
			compatibilityVersion = "Xcode 14.0";
			developmentRegion = en;
			hasScannedForEncodings = 0;
			knownRegions = (
				en,
				Base,
			);
			mainGroup = 689BAD632C1308BE00BCD61F;
			packageReferences = (
				689BAD872C1309E000BCD61F /* XCRemoteSwiftPackageReference "SnapKit" */,
				689BAD8A2C1309EC00BCD61F /* XCRemoteSwiftPackageReference "Alamofire" */,
				689BAD8D2C1309F500BCD61F /* XCRemoteSwiftPackageReference "Kingfisher" */,
			);
			productRefGroup = 689BAD6D2C1308BE00BCD61F /* Products */;
			projectDirPath = "";
			projectRoot = "";
			targets = (
				689BAD6B2C1308BE00BCD61F /* YegrTamagotchiApp */,
			);
		};
/* End PBXProject section */

/* Begin PBXResourcesBuildPhase section */
		689BAD6A2C1308BE00BCD61F /* Resources */ = {
			isa = PBXResourcesBuildPhase;
			buildActionMask = 2147483647;
			files = (
				689BAD792C1308BF00BCD61F /* Assets.xcassets in Resources */,
				689BAD842C13098A00BCD61F /* .gitignore in Resources */,
				689BAD7C2C1308BF00BCD61F /* Base in Resources */,
			);
			runOnlyForDeploymentPostprocessing = 0;
		};
/* End PBXResourcesBuildPhase section */

/* Begin PBXSourcesBuildPhase section */
		689BAD682C1308BE00BCD61F /* Sources */ = {
			isa = PBXSourcesBuildPhase;
			buildActionMask = 2147483647;
			files = (
				689BAD992C142A6400BCD61F /* SelectView.swift in Sources */,
				689BADAE2C148B3F00BCD61F /* MainView.swift in Sources */,
				689BAD912C130A8D00BCD61F /* SelectViewController.swift in Sources */,
				689BAD9B2C143E2300BCD61F /* TamagotchiData.swift in Sources */,
				689BADB32C14A91B00BCD61F /* UILabel+.swift in Sources */,
				689BAD972C1429FF00BCD61F /* SelectTableViewCell.swift in Sources */,
				689BADA92C14816300BCD61F /* UIColor+.swift in Sources */,
				689BADA52C14627200BCD61F /* DetailViewController.swift in Sources */,
				689BAD952C130AF500BCD61F /* ResuableProtocol+.swift in Sources */,
				689BAD702C1308BE00BCD61F /* AppDelegate.swift in Sources */,
				689BADB52C14AA8200BCD61F /* UIStackView+.swift in Sources */,
				689BAD862C1309B000BCD61F /* APIKey.swift in Sources */,
				689BAD722C1308BE00BCD61F /* SceneDelegate.swift in Sources */,
				689BADAC2C14875600BCD61F /* MainViewController.swift in Sources */,
				689BADA72C14803D00BCD61F /* UIButton+.swift in Sources */,
				689BADB72C14AAF100BCD61F /* UITextField+.swift in Sources */,
			);
			runOnlyForDeploymentPostprocessing = 0;
		};
/* End PBXSourcesBuildPhase section */

/* Begin PBXVariantGroup section */
		689BAD7A2C1308BF00BCD61F /* LaunchScreen.storyboard */ = {
			isa = PBXVariantGroup;
			children = (
				689BAD7B2C1308BF00BCD61F /* Base */,
			);
			name = LaunchScreen.storyboard;
			sourceTree = "<group>";
		};
/* End PBXVariantGroup section */

/* Begin XCBuildConfiguration section */
		689BAD7E2C1308BF00BCD61F /* Debug */ = {
			isa = XCBuildConfiguration;
			buildSettings = {
				ALWAYS_SEARCH_USER_PATHS = NO;
				ASSETCATALOG_COMPILER_GENERATE_SWIFT_ASSET_SYMBOL_EXTENSIONS = YES;
				CLANG_ANALYZER_NONNULL = YES;
				CLANG_ANALYZER_NUMBER_OBJECT_CONVERSION = YES_AGGRESSIVE;
				CLANG_CXX_LANGUAGE_STANDARD = "gnu++20";
				CLANG_ENABLE_MODULES = YES;
				CLANG_ENABLE_OBJC_ARC = YES;
				CLANG_ENABLE_OBJC_WEAK = YES;
				CLANG_WARN_BLOCK_CAPTURE_AUTORELEASING = YES;
				CLANG_WARN_BOOL_CONVERSION = YES;
				CLANG_WARN_COMMA = YES;
				CLANG_WARN_CONSTANT_CONVERSION = YES;
				CLANG_WARN_DEPRECATED_OBJC_IMPLEMENTATIONS = YES;
				CLANG_WARN_DIRECT_OBJC_ISA_USAGE = YES_ERROR;
				CLANG_WARN_DOCUMENTATION_COMMENTS = YES;
				CLANG_WARN_EMPTY_BODY = YES;
				CLANG_WARN_ENUM_CONVERSION = YES;
				CLANG_WARN_INFINITE_RECURSION = YES;
				CLANG_WARN_INT_CONVERSION = YES;
				CLANG_WARN_NON_LITERAL_NULL_CONVERSION = YES;
				CLANG_WARN_OBJC_IMPLICIT_RETAIN_SELF = YES;
				CLANG_WARN_OBJC_LITERAL_CONVERSION = YES;
				CLANG_WARN_OBJC_ROOT_CLASS = YES_ERROR;
				CLANG_WARN_QUOTED_INCLUDE_IN_FRAMEWORK_HEADER = YES;
				CLANG_WARN_RANGE_LOOP_ANALYSIS = YES;
				CLANG_WARN_STRICT_PROTOTYPES = YES;
				CLANG_WARN_SUSPICIOUS_MOVE = YES;
				CLANG_WARN_UNGUARDED_AVAILABILITY = YES_AGGRESSIVE;
				CLANG_WARN_UNREACHABLE_CODE = YES;
				CLANG_WARN__DUPLICATE_METHOD_MATCH = YES;
				COPY_PHASE_STRIP = NO;
				DEBUG_INFORMATION_FORMAT = dwarf;
				ENABLE_STRICT_OBJC_MSGSEND = YES;
				ENABLE_TESTABILITY = YES;
				ENABLE_USER_SCRIPT_SANDBOXING = YES;
				GCC_C_LANGUAGE_STANDARD = gnu17;
				GCC_DYNAMIC_NO_PIC = NO;
				GCC_NO_COMMON_BLOCKS = YES;
				GCC_OPTIMIZATION_LEVEL = 0;
				GCC_PREPROCESSOR_DEFINITIONS = (
					"DEBUG=1",
					"$(inherited)",
				);
				GCC_WARN_64_TO_32_BIT_CONVERSION = YES;
				GCC_WARN_ABOUT_RETURN_TYPE = YES_ERROR;
				GCC_WARN_UNDECLARED_SELECTOR = YES;
				GCC_WARN_UNINITIALIZED_AUTOS = YES_AGGRESSIVE;
				GCC_WARN_UNUSED_FUNCTION = YES;
				GCC_WARN_UNUSED_VARIABLE = YES;
				IPHONEOS_DEPLOYMENT_TARGET = 17.5;
				LOCALIZATION_PREFERS_STRING_CATALOGS = YES;
				MTL_ENABLE_DEBUG_INFO = INCLUDE_SOURCE;
				MTL_FAST_MATH = YES;
				ONLY_ACTIVE_ARCH = YES;
				SDKROOT = iphoneos;
				SWIFT_ACTIVE_COMPILATION_CONDITIONS = "DEBUG $(inherited)";
				SWIFT_OPTIMIZATION_LEVEL = "-Onone";
			};
			name = Debug;
		};
		689BAD7F2C1308BF00BCD61F /* Release */ = {
			isa = XCBuildConfiguration;
			buildSettings = {
				ALWAYS_SEARCH_USER_PATHS = NO;
				ASSETCATALOG_COMPILER_GENERATE_SWIFT_ASSET_SYMBOL_EXTENSIONS = YES;
				CLANG_ANALYZER_NONNULL = YES;
				CLANG_ANALYZER_NUMBER_OBJECT_CONVERSION = YES_AGGRESSIVE;
				CLANG_CXX_LANGUAGE_STANDARD = "gnu++20";
				CLANG_ENABLE_MODULES = YES;
				CLANG_ENABLE_OBJC_ARC = YES;
				CLANG_ENABLE_OBJC_WEAK = YES;
				CLANG_WARN_BLOCK_CAPTURE_AUTORELEASING = YES;
				CLANG_WARN_BOOL_CONVERSION = YES;
				CLANG_WARN_COMMA = YES;
				CLANG_WARN_CONSTANT_CONVERSION = YES;
				CLANG_WARN_DEPRECATED_OBJC_IMPLEMENTATIONS = YES;
				CLANG_WARN_DIRECT_OBJC_ISA_USAGE = YES_ERROR;
				CLANG_WARN_DOCUMENTATION_COMMENTS = YES;
				CLANG_WARN_EMPTY_BODY = YES;
				CLANG_WARN_ENUM_CONVERSION = YES;
				CLANG_WARN_INFINITE_RECURSION = YES;
				CLANG_WARN_INT_CONVERSION = YES;
				CLANG_WARN_NON_LITERAL_NULL_CONVERSION = YES;
				CLANG_WARN_OBJC_IMPLICIT_RETAIN_SELF = YES;
				CLANG_WARN_OBJC_LITERAL_CONVERSION = YES;
				CLANG_WARN_OBJC_ROOT_CLASS = YES_ERROR;
				CLANG_WARN_QUOTED_INCLUDE_IN_FRAMEWORK_HEADER = YES;
				CLANG_WARN_RANGE_LOOP_ANALYSIS = YES;
				CLANG_WARN_STRICT_PROTOTYPES = YES;
				CLANG_WARN_SUSPICIOUS_MOVE = YES;
				CLANG_WARN_UNGUARDED_AVAILABILITY = YES_AGGRESSIVE;
				CLANG_WARN_UNREACHABLE_CODE = YES;
				CLANG_WARN__DUPLICATE_METHOD_MATCH = YES;
				COPY_PHASE_STRIP = NO;
				DEBUG_INFORMATION_FORMAT = "dwarf-with-dsym";
				ENABLE_NS_ASSERTIONS = NO;
				ENABLE_STRICT_OBJC_MSGSEND = YES;
				ENABLE_USER_SCRIPT_SANDBOXING = YES;
				GCC_C_LANGUAGE_STANDARD = gnu17;
				GCC_NO_COMMON_BLOCKS = YES;
				GCC_WARN_64_TO_32_BIT_CONVERSION = YES;
				GCC_WARN_ABOUT_RETURN_TYPE = YES_ERROR;
				GCC_WARN_UNDECLARED_SELECTOR = YES;
				GCC_WARN_UNINITIALIZED_AUTOS = YES_AGGRESSIVE;
				GCC_WARN_UNUSED_FUNCTION = YES;
				GCC_WARN_UNUSED_VARIABLE = YES;
				IPHONEOS_DEPLOYMENT_TARGET = 17.5;
				LOCALIZATION_PREFERS_STRING_CATALOGS = YES;
				MTL_ENABLE_DEBUG_INFO = NO;
				MTL_FAST_MATH = YES;
				SDKROOT = iphoneos;
				SWIFT_COMPILATION_MODE = wholemodule;
				VALIDATE_PRODUCT = YES;
			};
			name = Release;
		};
		689BAD812C1308BF00BCD61F /* Debug */ = {
			isa = XCBuildConfiguration;
			buildSettings = {
				ASSETCATALOG_COMPILER_APPICON_NAME = AppIcon;
				ASSETCATALOG_COMPILER_GLOBAL_ACCENT_COLOR_NAME = AccentColor;
				CODE_SIGN_STYLE = Automatic;
				CURRENT_PROJECT_VERSION = 1;
				GENERATE_INFOPLIST_FILE = YES;
				INFOPLIST_FILE = YegrTamagotchiApp/Info.plist;
				INFOPLIST_KEY_UIApplicationSupportsIndirectInputEvents = YES;
				INFOPLIST_KEY_UILaunchStoryboardName = LaunchScreen;
				INFOPLIST_KEY_UISupportedInterfaceOrientations = UIInterfaceOrientationPortrait;
				INFOPLIST_KEY_UISupportedInterfaceOrientations_iPad = "UIInterfaceOrientationLandscapeLeft UIInterfaceOrientationLandscapeRight UIInterfaceOrientationPortrait UIInterfaceOrientationPortraitUpsideDown";
				IPHONEOS_DEPLOYMENT_TARGET = 15.0;
				LD_RUNPATH_SEARCH_PATHS = (
					"$(inherited)",
					"@executable_path/Frameworks",
				);
				MARKETING_VERSION = 1.0;
				PRODUCT_BUNDLE_IDENTIFIER = YJ.YegrTamagotchiApp;
				PRODUCT_NAME = "$(TARGET_NAME)";
				SUPPORTED_PLATFORMS = "iphoneos iphonesimulator";
				SUPPORTS_MACCATALYST = NO;
				SUPPORTS_MAC_DESIGNED_FOR_IPHONE_IPAD = NO;
				SUPPORTS_XR_DESIGNED_FOR_IPHONE_IPAD = NO;
				SWIFT_EMIT_LOC_STRINGS = YES;
				SWIFT_VERSION = 5.0;
				TARGETED_DEVICE_FAMILY = 1;
			};
			name = Debug;
		};
		689BAD822C1308BF00BCD61F /* Release */ = {
			isa = XCBuildConfiguration;
			buildSettings = {
				ASSETCATALOG_COMPILER_APPICON_NAME = AppIcon;
				ASSETCATALOG_COMPILER_GLOBAL_ACCENT_COLOR_NAME = AccentColor;
				CODE_SIGN_STYLE = Automatic;
				CURRENT_PROJECT_VERSION = 1;
				GENERATE_INFOPLIST_FILE = YES;
				INFOPLIST_FILE = YegrTamagotchiApp/Info.plist;
				INFOPLIST_KEY_UIApplicationSupportsIndirectInputEvents = YES;
				INFOPLIST_KEY_UILaunchStoryboardName = LaunchScreen;
				INFOPLIST_KEY_UISupportedInterfaceOrientations = UIInterfaceOrientationPortrait;
				INFOPLIST_KEY_UISupportedInterfaceOrientations_iPad = "UIInterfaceOrientationLandscapeLeft UIInterfaceOrientationLandscapeRight UIInterfaceOrientationPortrait UIInterfaceOrientationPortraitUpsideDown";
				IPHONEOS_DEPLOYMENT_TARGET = 15.0;
				LD_RUNPATH_SEARCH_PATHS = (
					"$(inherited)",
					"@executable_path/Frameworks",
				);
				MARKETING_VERSION = 1.0;
				PRODUCT_BUNDLE_IDENTIFIER = YJ.YegrTamagotchiApp;
				PRODUCT_NAME = "$(TARGET_NAME)";
				SUPPORTED_PLATFORMS = "iphoneos iphonesimulator";
				SUPPORTS_MACCATALYST = NO;
				SUPPORTS_MAC_DESIGNED_FOR_IPHONE_IPAD = NO;
				SUPPORTS_XR_DESIGNED_FOR_IPHONE_IPAD = NO;
				SWIFT_EMIT_LOC_STRINGS = YES;
				SWIFT_VERSION = 5.0;
				TARGETED_DEVICE_FAMILY = 1;
			};
			name = Release;
		};
/* End XCBuildConfiguration section */

/* Begin XCConfigurationList section */
		689BAD672C1308BE00BCD61F /* Build configuration list for PBXProject "YegrTamagotchiApp" */ = {
			isa = XCConfigurationList;
			buildConfigurations = (
				689BAD7E2C1308BF00BCD61F /* Debug */,
				689BAD7F2C1308BF00BCD61F /* Release */,
			);
			defaultConfigurationIsVisible = 0;
			defaultConfigurationName = Release;
		};
		689BAD802C1308BF00BCD61F /* Build configuration list for PBXNativeTarget "YegrTamagotchiApp" */ = {
			isa = XCConfigurationList;
			buildConfigurations = (
				689BAD812C1308BF00BCD61F /* Debug */,
				689BAD822C1308BF00BCD61F /* Release */,
			);
			defaultConfigurationIsVisible = 0;
			defaultConfigurationName = Release;
		};
/* End XCConfigurationList section */

/* Begin XCRemoteSwiftPackageReference section */
		689BAD872C1309E000BCD61F /* XCRemoteSwiftPackageReference "SnapKit" */ = {
			isa = XCRemoteSwiftPackageReference;
			repositoryURL = "https://github.com/SnapKit/SnapKit.git";
			requirement = {
				kind = upToNextMajorVersion;
				minimumVersion = 5.7.1;
			};
		};
		689BAD8A2C1309EC00BCD61F /* XCRemoteSwiftPackageReference "Alamofire" */ = {
			isa = XCRemoteSwiftPackageReference;
			repositoryURL = "https://github.com/Alamofire/Alamofire.git";
			requirement = {
				kind = upToNextMajorVersion;
				minimumVersion = 5.9.1;
			};
		};
		689BAD8D2C1309F500BCD61F /* XCRemoteSwiftPackageReference "Kingfisher" */ = {
			isa = XCRemoteSwiftPackageReference;
			repositoryURL = "https://github.com/onevcat/Kingfisher.git";
			requirement = {
				kind = upToNextMajorVersion;
				minimumVersion = 7.11.0;
			};
		};
/* End XCRemoteSwiftPackageReference section */

/* Begin XCSwiftPackageProductDependency section */
		689BAD882C1309E000BCD61F /* SnapKit */ = {
			isa = XCSwiftPackageProductDependency;
			package = 689BAD872C1309E000BCD61F /* XCRemoteSwiftPackageReference "SnapKit" */;
			productName = SnapKit;
		};
		689BAD8B2C1309ED00BCD61F /* Alamofire */ = {
			isa = XCSwiftPackageProductDependency;
			package = 689BAD8A2C1309EC00BCD61F /* XCRemoteSwiftPackageReference "Alamofire" */;
			productName = Alamofire;
		};
		689BAD8E2C1309F500BCD61F /* Kingfisher */ = {
			isa = XCSwiftPackageProductDependency;
			package = 689BAD8D2C1309F500BCD61F /* XCRemoteSwiftPackageReference "Kingfisher" */;
			productName = Kingfisher;
		};
/* End XCSwiftPackageProductDependency section */
	};
	rootObject = 689BAD642C1308BE00BCD61F /* Project object */;
}
